
Microsoft Visual Studio Solution File, Format Version 12.00
# Visual Studio Version 17
VisualStudioVersion = 17.10.35013.160
MinimumVisualStudioVersion = 10.0.40219.1
Project("{FAE04EC0-301F-11D3-BF4B-00C04F79EFBC}") = "WinFormsApp3", "WinFormsApp3.csproj", "{D708A352-88C3-470F-97A7-C98BB66E91ED}"
EndProject
Global
	GlobalSection(SolutionConfigurationPlatforms) = preSolution
		Debug|Any CPU = Debug|Any CPU
		Release|Any CPU = Release|Any CPU
	EndGlobalSection
	GlobalSection(ProjectConfigurationPlatforms) = postSolution
		{D708A352-88C3-470F-97A7-C98BB66E91ED}.Debug|Any CPU.ActiveCfg = Debug|Any CPU
		{D708A352-88C3-470F-97A7-C98BB66E91ED}.Debug|Any CPU.Build.0 = Debug|Any CPU
		{D708A352-88C3-470F-97A7-C98BB66E91ED}.Release|Any CPU.ActiveCfg = Release|Any CPU
		{D708A352-88C3-470F-97A7-C98BB66E91ED}.Release|Any CPU.Build.0 = Release|Any CPU
	EndGlobalSection
	GlobalSection(SolutionProperties) = preSolution
		HideSolutionNode = FALSE
	EndGlobalSection
	GlobalSection(ExtensibilityGlobals) = postSolution
		SolutionGuid = {145AD223-569A-4FBA-91B8-54FC7E994A3E}
	EndGlobalSection
EndGlobal
